
Microsoft Visual Studio Solution File, Format Version 12.00
# Visual Studio Version 17
VisualStudioVersion = 17.4.33213.308
MinimumVisualStudioVersion = 10.0.40219.1
Project("{FAE04EC0-301F-11D3-BF4B-00C04F79EFBC}") = "BIMViewer", "BIMViewer\BIMViewer.csproj", "{71372D3F-81CC-47F1-AFFF-8A873E9C141D}"
EndProject
Global
	GlobalSection(SolutionConfigurationPlatforms) = preSolution
		Debug|Any CPU = Debug|Any CPU
		Release|Any CPU = Release|Any CPU
	EndGlobalSection
	GlobalSection(ProjectConfigurationPlatforms) = postSolution
		{71372D3F-81CC-47F1-AFFF-8A873E9C141D}.Debug|Any CPU.ActiveCfg = Debug|Any CPU
		{71372D3F-81CC-47F1-AFFF-8A873E9C141D}.Debug|Any CPU.Build.0 = Debug|Any CPU
		{71372D3F-81CC-47F1-AFFF-8A873E9C141D}.Release|Any CPU.ActiveCfg = Release|Any CPU
		{71372D3F-81CC-47F1-AFFF-8A873E9C141D}.Release|Any CPU.Build.0 = Release|Any CPU
	EndGlobalSection
	GlobalSection(SolutionProperties) = preSolution
		HideSolutionNode = FALSE
	EndGlobalSection
	GlobalSection(ExtensibilityGlobals) = postSolution
		SolutionGuid = {1FB8C080-12F0-4BD6-B1B2-5BDA38D464B0}
	EndGlobalSection
EndGlobal
